
Microsoft Visual Studio Solution File, Format Version 12.00
# Visual Studio Version 17
VisualStudioVersion = 17.0.31903.59
MinimumVisualStudioVersion = 10.0.40219.1
Project("{2150E333-8FDC-42A3-9474-1A3956D46DE8}") = "Shared", "Shared", "{3FBE53DF-9E46-4E70-B63B-06D57384D1E7}"
EndProject
Project("{FAE04EC0-301F-11D3-BF4B-00C04F79EFBC}") = "Shared", "Shared\Shared\Shared.csproj", "{2F24D5E0-9D8B-44EB-8535-74E24E158847}"
EndProject
Project("{2150E333-8FDC-42A3-9474-1A3956D46DE8}") = "Api", "Api", "{D82C56D6-B2CD-F611-9E31-04638F7EC30E}"
EndProject
Project("{FAE04EC0-301F-11D3-BF4B-00C04F79EFBC}") = "Api", "Api\Api.csproj", "{5AFD2A7A-AE63-45AA-98D7-701725C387EB}"
EndProject
Project("{FAE04EC0-301F-11D3-BF4B-00C04F79EFBC}") = "Shared.Contracts", "Shared\Shared.Contracts\Shared.Contracts.csproj", "{6ED01D3E-7AD0-4648-B40B-D8FF6284E9AE}"
EndProject
Project("{FAE04EC0-301F-11D3-BF4B-00C04F79EFBC}") = "Shared.Messaging", "Shared\Shared.Messaging\Shared.Messaging.csproj", "{1ACB9D4D-C7D1-4A66-A031-181BB59DFAE8}"
EndProject
Project("{FAE04EC0-301F-11D3-BF4B-00C04F79EFBC}") = "Shared.Tests", "Shared\Shared.Tests\Shared.Tests.csproj", "{6C51C10F-3C12-4F8D-9CE5-28D1E3C32B03}"
EndProject
Project("{2150E333-8FDC-42A3-9474-1A3956D46DE8}") = "Infrastructure", "Infrastructure", "{DFEE68D8-A7D0-1A41-506C-9B74AA9A7B7B}"
EndProject
Project("{FAE04EC0-301F-11D3-BF4B-00C04F79EFBC}") = "Infrastructure", "Infrastructure\Infrastructure\Infrastructure.csproj", "{ED404CBE-149D-4D86-929F-14981375F6D6}"
EndProject
Project("{FAE04EC0-301F-11D3-BF4B-00C04F79EFBC}") = "Infrastructure.Data", "Infrastructure\Infrastructure.Domain\Infrastructure.Data.csproj", "{32E83C67-4EA4-46AC-87B8-A1254DA81B93}"
EndProject
Project("{2150E333-8FDC-42A3-9474-1A3956D46DE8}") = "Modules", "Modules", "{CA253913-39DE-BFD0-C9A3-4B7EC6FBDF17}"
EndProject
Project("{FAE04EC0-301F-11D3-BF4B-00C04F79EFBC}") = "Modules", "Modules\Modules\Modules.csproj", "{0C04A31C-0E47-4C69-A7FB-94C9CB791F73}"
EndProject
Project("{2150E333-8FDC-42A3-9474-1A3956D46DE8}") = "Core", "Core", "{FBF56CC3-7AE6-AD2D-3F14-7F97FD322CD6}"
EndProject
Project("{FAE04EC0-301F-11D3-BF4B-00C04F79EFBC}") = "Core", "Core\Core\Core.csproj", "{1169CDB5-3F2E-4B5C-B160-A70E126CC219}"
EndProject
Project("{2150E333-8FDC-42A3-9474-1A3956D46DE8}") = "HostAgent", "HostAgent", "{43583D3D-2C5A-2CCE-8268-0ABF576A27D5}"
EndProject
Project("{FAE04EC0-301F-11D3-BF4B-00C04F79EFBC}") = "HostAgent", "HostAgent\HostAgent.csproj", "{087E8709-BB5C-4FE6-AC52-241346C1C54D}"
EndProject
Project("{FAE04EC0-301F-11D3-BF4B-00C04F79EFBC}") = "Mem.Cli", "..\..\cli\src\Mem.Cli\Mem.Cli.csproj", "{00A44160-1405-49FC-86B5-4C477F623A5C}"
EndProject
Project("{FAE04EC0-301F-11D3-BF4B-00C04F79EFBC}") = "Api.IntegrationTests", "Api.IntegrationTests\Api.IntegrationTests.csproj", "{F01FF6F4-93F1-481A-8B46-E31CACD3CC5F}"
EndProject
Project("{FAE04EC0-301F-11D3-BF4B-00C04F79EFBC}") = "HostAgent.Tests", "HostAgent.Tests\HostAgent.Tests\HostAgent.Tests.csproj", "{31B4DD4B-D2F8-4E0F-8908-B6B5FC407D47}"
EndProject
Project("{FAE04EC0-301F-11D3-BF4B-00C04F79EFBC}") = "Mem.Cli.Tests", "..\..\cli\src\Mem.Cli.Tests\Mem.Cli.Tests\Mem.Cli.Tests.csproj", "{288FE48F-CEE9-4B73-BC50-3969205D917D}"
EndProject
Project("{FAE04EC0-301F-11D3-BF4B-00C04F79EFBC}") = "Mem.Localization", "Shared\Mem.Localization\Mem.Localization.csproj", "{D0A70104-C74F-4EEC-BA3A-355E7A7EFC9A}"
EndProject
Project("{FAE04EC0-301F-11D3-BF4B-00C04F79EFBC}") = "Mem.Localization.Tests", "Shared\Mem.Localization.Tests\Mem.Localization.Tests.csproj", "{F8B08076-CC98-43D2-AB67-FD80C5824059}"
EndProject
Project("{2150E333-8FDC-42A3-9474-1A3956D46DE8}") = "Migrate", "Migrate", "{2CD357E1-89C7-F879-D677-D6BE98675CB3}"
EndProject
Project("{FAE04EC0-301F-11D3-BF4B-00C04F79EFBC}") = "Mem.Migrate.Cli", "..\..\migrate\src\Mem.Migrate.Cli\Mem.Migrate.Cli.csproj", "{F5F3938B-B560-4F1F-9688-653B2398089E}"
EndProject
Project("{FAE04EC0-301F-11D3-BF4B-00C04F79EFBC}") = "Mem.Migrate.Core", "..\..\migrate\src\Mem.Migrate.Core\Mem.Migrate.Core.csproj", "{5B2FEEE1-740E-4F70-ACBA-0F77BD0C1114}"
EndProject
Project("{FAE04EC0-301F-11D3-BF4B-00C04F79EFBC}") = "Mem.Migrate.Infrastructure", "..\..\migrate\src\Mem.Migrate.Infrastructure\Mem.Migrate.Infrastructure.csproj", "{2419B4D2-F614-4D51-82B1-E41604D0ADE9}"
EndProject
Project("{FAE04EC0-301F-11D3-BF4B-00C04F79EFBC}") = "Mem.Migrate.Legacy.V010", "..\..\migrate\src\Mem.Migrate.Legacy.V010\Mem.Migrate.Legacy.V010.csproj", "{97512C5B-F1E5-43B0-ABCB-BAD22E7000BB}"
EndProject
Project("{FAE04EC0-301F-11D3-BF4B-00C04F79EFBC}") = "Mem.Migrate.ArchiveTests", "..\..\migrate\tests\Mem.Migrate.ArchiveTests\Mem.Migrate.ArchiveTests.csproj", "{C87E50B1-987E-49A3-B787-C2AC46BC6894}"
EndProject
Project("{FAE04EC0-301F-11D3-BF4B-00C04F79EFBC}") = "Mem.Migrate.IntegrationTests", "..\..\migrate\tests\Mem.Migrate.IntegrationTests\Mem.Migrate.IntegrationTests.csproj", "{790DE187-E5AB-453F-A1A7-4E14CED4CD29}"
EndProject
Project("{FAE04EC0-301F-11D3-BF4B-00C04F79EFBC}") = "Mem.Migrate.UnitTests", "..\..\migrate\tests\Mem.Migrate.UnitTests\Mem.Migrate.UnitTests.csproj", "{61D75736-B81B-4A75-B9A3-485750113719}"
EndProject
Global
	GlobalSection(SolutionConfigurationPlatforms) = preSolution
		Debug|Any CPU = Debug|Any CPU
		Release|Any CPU = Release|Any CPU
	EndGlobalSection
	GlobalSection(ProjectConfigurationPlatforms) = postSolution
		{2F24D5E0-9D8B-44EB-8535-74E24E158847}.Debug|Any CPU.ActiveCfg = Debug|Any CPU
		{2F24D5E0-9D8B-44EB-8535-74E24E158847}.Debug|Any CPU.Build.0 = Debug|Any CPU
		{2F24D5E0-9D8B-44EB-8535-74E24E158847}.Release|Any CPU.ActiveCfg = Release|Any CPU
		{2F24D5E0-9D8B-44EB-8535-74E24E158847}.Release|Any CPU.Build.0 = Release|Any CPU
		{5AFD2A7A-AE63-45AA-98D7-701725C387EB}.Debug|Any CPU.ActiveCfg = Debug|Any CPU
		{5AFD2A7A-AE63-45AA-98D7-701725C387EB}.Debug|Any CPU.Build.0 = Debug|Any CPU
		{5AFD2A7A-AE63-45AA-98D7-701725C387EB}.Release|Any CPU.ActiveCfg = Release|Any CPU
		{5AFD2A7A-AE63-45AA-98D7-701725C387EB}.Release|Any CPU.Build.0 = Release|Any CPU
		{6ED01D3E-7AD0-4648-B40B-D8FF6284E9AE}.Debug|Any CPU.ActiveCfg = Debug|Any CPU
		{6ED01D3E-7AD0-4648-B40B-D8FF6284E9AE}.Debug|Any CPU.Build.0 = Debug|Any CPU
		{6ED01D3E-7AD0-4648-B40B-D8FF6284E9AE}.Release|Any CPU.ActiveCfg = Release|Any CPU
		{6ED01D3E-7AD0-4648-B40B-D8FF6284E9AE}.Release|Any CPU.Build.0 = Release|Any CPU
		{1ACB9D4D-C7D1-4A66-A031-181BB59DFAE8}.Debug|Any CPU.ActiveCfg = Debug|Any CPU
		{1ACB9D4D-C7D1-4A66-A031-181BB59DFAE8}.Debug|Any CPU.Build.0 = Debug|Any CPU
		{1ACB9D4D-C7D1-4A66-A031-181BB59DFAE8}.Release|Any CPU.ActiveCfg = Release|Any CPU
		{1ACB9D4D-C7D1-4A66-A031-181BB59DFAE8}.Release|Any CPU.Build.0 = Release|Any CPU
		{6C51C10F-3C12-4F8D-9CE5-28D1E3C32B03}.Debug|Any CPU.ActiveCfg = Debug|Any CPU
		{6C51C10F-3C12-4F8D-9CE5-28D1E3C32B03}.Debug|Any CPU.Build.0 = Debug|Any CPU
		{6C51C10F-3C12-4F8D-9CE5-28D1E3C32B03}.Release|Any CPU.ActiveCfg = Release|Any CPU
		{6C51C10F-3C12-4F8D-9CE5-28D1E3C32B03}.Release|Any CPU.Build.0 = Release|Any CPU
		{ED404CBE-149D-4D86-929F-14981375F6D6}.Debug|Any CPU.ActiveCfg = Debug|Any CPU
		{ED404CBE-149D-4D86-929F-14981375F6D6}.Debug|Any CPU.Build.0 = Debug|Any CPU
		{ED404CBE-149D-4D86-929F-14981375F6D6}.Release|Any CPU.ActiveCfg = Release|Any CPU
		{ED404CBE-149D-4D86-929F-14981375F6D6}.Release|Any CPU.Build.0 = Release|Any CPU
		{32E83C67-4EA4-46AC-87B8-A1254DA81B93}.Debug|Any CPU.ActiveCfg = Debug|Any CPU
		{32E83C67-4EA4-46AC-87B8-A1254DA81B93}.Debug|Any CPU.Build.0 = Debug|Any CPU
		{32E83C67-4EA4-46AC-87B8-A1254DA81B93}.Release|Any CPU.ActiveCfg = Release|Any CPU
		{32E83C67-4EA4-46AC-87B8-A1254DA81B93}.Release|Any CPU.Build.0 = Release|Any CPU
		{0C04A31C-0E47-4C69-A7FB-94C9CB791F73}.Debug|Any CPU.ActiveCfg = Debug|Any CPU
		{0C04A31C-0E47-4C69-A7FB-94C9CB791F73}.Debug|Any CPU.Build.0 = Debug|Any CPU
		{0C04A31C-0E47-4C69-A7FB-94C9CB791F73}.Release|Any CPU.ActiveCfg = Release|Any CPU
		{0C04A31C-0E47-4C69-A7FB-94C9CB791F73}.Release|Any CPU.Build.0 = Release|Any CPU
		{1169CDB5-3F2E-4B5C-B160-A70E126CC219}.Debug|Any CPU.ActiveCfg = Debug|Any CPU
		{1169CDB5-3F2E-4B5C-B160-A70E126CC219}.Debug|Any CPU.Build.0 = Debug|Any CPU
		{1169CDB5-3F2E-4B5C-B160-A70E126CC219}.Release|Any CPU.ActiveCfg = Release|Any CPU
		{1169CDB5-3F2E-4B5C-B160-A70E126CC219}.Release|Any CPU.Build.0 = Release|Any CPU
		{087E8709-BB5C-4FE6-AC52-241346C1C54D}.Debug|Any CPU.ActiveCfg = Debug|Any CPU
		{087E8709-BB5C-4FE6-AC52-241346C1C54D}.Debug|Any CPU.Build.0 = Debug|Any CPU
		{087E8709-BB5C-4FE6-AC52-241346C1C54D}.Release|Any CPU.ActiveCfg = Release|Any CPU
		{087E8709-BB5C-4FE6-AC52-241346C1C54D}.Release|Any CPU.Build.0 = Release|Any CPU
		{00A44160-1405-49FC-86B5-4C477F623A5C}.Debug|Any CPU.ActiveCfg = Debug|Any CPU
		{00A44160-1405-49FC-86B5-4C477F623A5C}.Debug|Any CPU.Build.0 = Debug|Any CPU
		{00A44160-1405-49FC-86B5-4C477F623A5C}.Release|Any CPU.ActiveCfg = Release|Any CPU
		{00A44160-1405-49FC-86B5-4C477F623A5C}.Release|Any CPU.Build.0 = Release|Any CPU
		{F01FF6F4-93F1-481A-8B46-E31CACD3CC5F}.Debug|Any CPU.ActiveCfg = Debug|Any CPU
		{F01FF6F4-93F1-481A-8B46-E31CACD3CC5F}.Debug|Any CPU.Build.0 = Debug|Any CPU
		{F01FF6F4-93F1-481A-8B46-E31CACD3CC5F}.Release|Any CPU.ActiveCfg = Release|Any CPU
		{F01FF6F4-93F1-481A-8B46-E31CACD3CC5F}.Release|Any CPU.Build.0 = Release|Any CPU
		{31B4DD4B-D2F8-4E0F-8908-B6B5FC407D47}.Debug|Any CPU.ActiveCfg = Debug|Any CPU
		{31B4DD4B-D2F8-4E0F-8908-B6B5FC407D47}.Debug|Any CPU.Build.0 = Debug|Any CPU
		{31B4DD4B-D2F8-4E0F-8908-B6B5FC407D47}.Release|Any CPU.ActiveCfg = Release|Any CPU
		{31B4DD4B-D2F8-4E0F-8908-B6B5FC407D47}.Release|Any CPU.Build.0 = Release|Any CPU
		{288FE48F-CEE9-4B73-BC50-3969205D917D}.Debug|Any CPU.ActiveCfg = Debug|Any CPU
		{288FE48F-CEE9-4B73-BC50-3969205D917D}.Debug|Any CPU.Build.0 = Debug|Any CPU
		{288FE48F-CEE9-4B73-BC50-3969205D917D}.Release|Any CPU.ActiveCfg = Release|Any CPU
		{288FE48F-CEE9-4B73-BC50-3969205D917D}.Release|Any CPU.Build.0 = Release|Any CPU
		{D0A70104-C74F-4EEC-BA3A-355E7A7EFC9A}.Debug|Any CPU.ActiveCfg = Debug|Any CPU
		{D0A70104-C74F-4EEC-BA3A-355E7A7EFC9A}.Debug|Any CPU.Build.0 = Debug|Any CPU
		{D0A70104-C74F-4EEC-BA3A-355E7A7EFC9A}.Release|Any CPU.ActiveCfg = Release|Any CPU
		{D0A70104-C74F-4EEC-BA3A-355E7A7EFC9A}.Release|Any CPU.Build.0 = Release|Any CPU
		{F8B08076-CC98-43D2-AB67-FD80C5824059}.Debug|Any CPU.ActiveCfg = Debug|Any CPU
		{F8B08076-CC98-43D2-AB67-FD80C5824059}.Debug|Any CPU.Build.0 = Debug|Any CPU
		{F8B08076-CC98-43D2-AB67-FD80C5824059}.Release|Any CPU.ActiveCfg = Release|Any CPU
		{F8B08076-CC98-43D2-AB67-FD80C5824059}.Release|Any CPU.Build.0 = Release|Any CPU
		{F5F3938B-B560-4F1F-9688-653B2398089E}.Debug|Any CPU.ActiveCfg = Debug|Any CPU
		{F5F3938B-B560-4F1F-9688-653B2398089E}.Debug|Any CPU.Build.0 = Debug|Any CPU
		{F5F3938B-B560-4F1F-9688-653B2398089E}.Release|Any CPU.ActiveCfg = Release|Any CPU
		{F5F3938B-B560-4F1F-9688-653B2398089E}.Release|Any CPU.Build.0 = Release|Any CPU
		{5B2FEEE1-740E-4F70-ACBA-0F77BD0C1114}.Debug|Any CPU.ActiveCfg = Debug|Any CPU
		{5B2FEEE1-740E-4F70-ACBA-0F77BD0C1114}.Debug|Any CPU.Build.0 = Debug|Any CPU
		{5B2FEEE1-740E-4F70-ACBA-0F77BD0C1114}.Release|Any CPU.ActiveCfg = Release|Any CPU
		{5B2FEEE1-740E-4F70-ACBA-0F77BD0C1114}.Release|Any CPU.Build.0 = Release|Any CPU
		{2419B4D2-F614-4D51-82B1-E41604D0ADE9}.Debug|Any CPU.ActiveCfg = Debug|Any CPU
		{2419B4D2-F614-4D51-82B1-E41604D0ADE9}.Debug|Any CPU.Build.0 = Debug|Any CPU
		{2419B4D2-F614-4D51-82B1-E41604D0ADE9}.Release|Any CPU.ActiveCfg = Release|Any CPU
		{2419B4D2-F614-4D51-82B1-E41604D0ADE9}.Release|Any CPU.Build.0 = Release|Any CPU
		{97512C5B-F1E5-43B0-ABCB-BAD22E7000BB}.Debug|Any CPU.ActiveCfg = Debug|Any CPU
		{97512C5B-F1E5-43B0-ABCB-BAD22E7000BB}.Debug|Any CPU.Build.0 = Debug|Any CPU
		{97512C5B-F1E5-43B0-ABCB-BAD22E7000BB}.Release|Any CPU.ActiveCfg = Release|Any CPU
		{97512C5B-F1E5-43B0-ABCB-BAD22E7000BB}.Release|Any CPU.Build.0 = Release|Any CPU
		{C87E50B1-987E-49A3-B787-C2AC46BC6894}.Debug|Any CPU.ActiveCfg = Debug|Any CPU
		{C87E50B1-987E-49A3-B787-C2AC46BC6894}.Debug|Any CPU.Build.0 = Debug|Any CPU
		{C87E50B1-987E-49A3-B787-C2AC46BC6894}.Release|Any CPU.ActiveCfg = Release|Any CPU
		{C87E50B1-987E-49A3-B787-C2AC46BC6894}.Release|Any CPU.Build.0 = Release|Any CPU
		{790DE187-E5AB-453F-A1A7-4E14CED4CD29}.Debug|Any CPU.ActiveCfg = Debug|Any CPU
		{790DE187-E5AB-453F-A1A7-4E14CED4CD29}.Debug|Any CPU.Build.0 = Debug|Any CPU
		{790DE187-E5AB-453F-A1A7-4E14CED4CD29}.Release|Any CPU.ActiveCfg = Release|Any CPU
		{790DE187-E5AB-453F-A1A7-4E14CED4CD29}.Release|Any CPU.Build.0 = Release|Any CPU
		{61D75736-B81B-4A75-B9A3-485750113719}.Debug|Any CPU.ActiveCfg = Debug|Any CPU
		{61D75736-B81B-4A75-B9A3-485750113719}.Debug|Any CPU.Build.0 = Debug|Any CPU
		{61D75736-B81B-4A75-B9A3-485750113719}.Release|Any CPU.ActiveCfg = Release|Any CPU
		{61D75736-B81B-4A75-B9A3-485750113719}.Release|Any CPU.Build.0 = Release|Any CPU
	EndGlobalSection
	GlobalSection(SolutionProperties) = preSolution
		HideSolutionNode = FALSE
	EndGlobalSection
	GlobalSection(NestedProjects) = preSolution
		{2F24D5E0-9D8B-44EB-8535-74E24E158847} = {3FBE53DF-9E46-4E70-B63B-06D57384D1E7}
		{5AFD2A7A-AE63-45AA-98D7-701725C387EB} = {D82C56D6-B2CD-F611-9E31-04638F7EC30E}
		{6ED01D3E-7AD0-4648-B40B-D8FF6284E9AE} = {3FBE53DF-9E46-4E70-B63B-06D57384D1E7}
		{1ACB9D4D-C7D1-4A66-A031-181BB59DFAE8} = {3FBE53DF-9E46-4E70-B63B-06D57384D1E7}
		{6C51C10F-3C12-4F8D-9CE5-28D1E3C32B03} = {3FBE53DF-9E46-4E70-B63B-06D57384D1E7}
		{ED404CBE-149D-4D86-929F-14981375F6D6} = {DFEE68D8-A7D0-1A41-506C-9B74AA9A7B7B}
		{32E83C67-4EA4-46AC-87B8-A1254DA81B93} = {DFEE68D8-A7D0-1A41-506C-9B74AA9A7B7B}
		{0C04A31C-0E47-4C69-A7FB-94C9CB791F73} = {CA253913-39DE-BFD0-C9A3-4B7EC6FBDF17}
		{1169CDB5-3F2E-4B5C-B160-A70E126CC219} = {FBF56CC3-7AE6-AD2D-3F14-7F97FD322CD6}
		{087E8709-BB5C-4FE6-AC52-241346C1C54D} = {43583D3D-2C5A-2CCE-8268-0ABF576A27D5}
		{31B4DD4B-D2F8-4E0F-8908-B6B5FC407D47} = {43583D3D-2C5A-2CCE-8268-0ABF576A27D5}
		{D0A70104-C74F-4EEC-BA3A-355E7A7EFC9A} = {3FBE53DF-9E46-4E70-B63B-06D57384D1E7}
		{F8B08076-CC98-43D2-AB67-FD80C5824059} = {3FBE53DF-9E46-4E70-B63B-06D57384D1E7}
		{F5F3938B-B560-4F1F-9688-653B2398089E} = {2CD357E1-89C7-F879-D677-D6BE98675CB3}
		{5B2FEEE1-740E-4F70-ACBA-0F77BD0C1114} = {2CD357E1-89C7-F879-D677-D6BE98675CB3}
		{2419B4D2-F614-4D51-82B1-E41604D0ADE9} = {2CD357E1-89C7-F879-D677-D6BE98675CB3}
		{97512C5B-F1E5-43B0-ABCB-BAD22E7000BB} = {2CD357E1-89C7-F879-D677-D6BE98675CB3}
		{C87E50B1-987E-49A3-B787-C2AC46BC6894} = {2CD357E1-89C7-F879-D677-D6BE98675CB3}
		{790DE187-E5AB-453F-A1A7-4E14CED4CD29} = {2CD357E1-89C7-F879-D677-D6BE98675CB3}
		{61D75736-B81B-4A75-B9A3-485750113719} = {2CD357E1-89C7-F879-D677-D6BE98675CB3}
	EndGlobalSection
EndGlobal
